{
	"name": "@patternfly/pfe-sass",
	"version": "1.10.1",
	"lockfileVersion": 1,
	"requires": true,
	"dependencies": {
		"@patternfly/patternfly": {
			"version": "4.115.2",
			"resolved": "https://registry.npmjs.org/@patternfly/patternfly/-/patternfly-4.115.2.tgz",
			"integrity": "sha512-7hbJ4pRmj+rlXclD2F/UwceO6fS+9flGsgHc4eUc7NyTN2GXl6PLcqrjE2CtiKEPV90+KwsGQGJXZj8bz9HweA=="
		}
	}
}
